// !$*UTF8*$!
{
	archiveVersion = 1;
	classes = {
	};
	objectVersion = 56;
	objects = {

/* Begin PBXBuildFile section */
		6E120FCE2D9553370018377E /* Country+CoreDataProperties.swift in Sources */ = {isa = PBXBuildFile; fileRef = 6E120FCC2D9553370018377E /* Country+CoreDataProperties.swift */; };
		6E120FD02D9554B00018377E /* CoreDataManager.swift in Sources */ = {isa = PBXBuildFile; fileRef = 6E120FCF2D9554B00018377E /* CoreDataManager.swift */; };
		6E185E4C2D75CC6600A77A0D /* AppDelegate.swift in Sources */ = {isa = PBXBuildFile; fileRef = 6E185E4B2D75CC6600A77A0D /* AppDelegate.swift */; };
		6E185E4E2D75CC6600A77A0D /* SceneDelegate.swift in Sources */ = {isa = PBXBuildFile; fileRef = 6E185E4D2D75CC6600A77A0D /* SceneDelegate.swift */; };
		6E185E502D75CC6600A77A0D /* MapViewController.swift in Sources */ = {isa = PBXBuildFile; fileRef = 6E185E4F2D75CC6600A77A0D /* MapViewController.swift */; };
		6E185E532D75CC6600A77A0D /* Base in Resources */ = {isa = PBXBuildFile; fileRef = 6E185E522D75CC6600A77A0D /* Base */; };
		6E185E552D75CC6700A77A0D /* Assets.xcassets in Resources */ = {isa = PBXBuildFile; fileRef = 6E185E542D75CC6700A77A0D /* Assets.xcassets */; };
		6E185E582D75CC6700A77A0D /* Base in Resources */ = {isa = PBXBuildFile; fileRef = 6E185E572D75CC6700A77A0D /* Base */; };
		6E185E622D75CE1500A77A0D /* AppCoordinator.swift in Sources */ = {isa = PBXBuildFile; fileRef = 6E185E612D75CE1500A77A0D /* AppCoordinator.swift */; };
		6E185E642D75CE5800A77A0D /* Coordinator.swift in Sources */ = {isa = PBXBuildFile; fileRef = 6E185E632D75CE5800A77A0D /* Coordinator.swift */; };
		6E185E682D75CECE00A77A0D /* NavigationController.swift in Sources */ = {isa = PBXBuildFile; fileRef = 6E185E672D75CECE00A77A0D /* NavigationController.swift */; };
		6E185E6A2D75CF3000A77A0D /* TabBarCoordinator.swift in Sources */ = {isa = PBXBuildFile; fileRef = 6E185E692D75CF3000A77A0D /* TabBarCoordinator.swift */; };
		6E185E6C2D75CFBC00A77A0D /* TabBarController.swift in Sources */ = {isa = PBXBuildFile; fileRef = 6E185E6B2D75CFBC00A77A0D /* TabBarController.swift */; };
		6E185E702D75D05F00A77A0D /* CustomTabBar.swift in Sources */ = {isa = PBXBuildFile; fileRef = 6E185E6F2D75D05F00A77A0D /* CustomTabBar.swift */; };
		6E185E722D75E2A000A77A0D /* ChildCoordinated.swift in Sources */ = {isa = PBXBuildFile; fileRef = 6E185E712D75E2A000A77A0D /* ChildCoordinated.swift */; };
		6E185E742D75E32000A77A0D /* TabBarChildCoordinated.swift in Sources */ = {isa = PBXBuildFile; fileRef = 6E185E732D75E32000A77A0D /* TabBarChildCoordinated.swift */; };
		6E185E762D75E37600A77A0D /* TabBarPage.swift in Sources */ = {isa = PBXBuildFile; fileRef = 6E185E752D75E37600A77A0D /* TabBarPage.swift */; };
		6E185E792D75E6AA00A77A0D /* SnapKit in Frameworks */ = {isa = PBXBuildFile; productRef = 6E185E782D75E6AA00A77A0D /* SnapKit */; };
		6E185E7B2D75E76600A77A0D /* Label.swift in Sources */ = {isa = PBXBuildFile; fileRef = 6E185E7A2D75E76600A77A0D /* Label.swift */; };
		6E185E7E2D75E7D000A77A0D /* Fonts.swift in Sources */ = {isa = PBXBuildFile; fileRef = 6E185E7D2D75E7D000A77A0D /* Fonts.swift */; };
		6E185E842D75EA3600A77A0D /* AppConstants.swift in Sources */ = {isa = PBXBuildFile; fileRef = 6E185E832D75EA3600A77A0D /* AppConstants.swift */; };
		6E185E862D75EB3C00A77A0D /* MapTabCoordinator.swift in Sources */ = {isa = PBXBuildFile; fileRef = 6E185E852D75EB3C00A77A0D /* MapTabCoordinator.swift */; };
		6E185E912D764FF600A77A0D /* Localizable.strings in Resources */ = {isa = PBXBuildFile; fileRef = 6E185E8F2D764FF600A77A0D /* Localizable.strings */; };
		6E2BBD072D8C63E10033A994 /* VisitsService.swift in Sources */ = {isa = PBXBuildFile; fileRef = 6E2BBD062D8C63D50033A994 /* VisitsService.swift */; };
		6E2BBD092D8C64F30033A994 /* CountryModel.swift in Sources */ = {isa = PBXBuildFile; fileRef = 6E2BBD082D8C64EB0033A994 /* CountryModel.swift */; };
		6E2BBD0D2D8C65580033A994 /* CountryAPIModel.swift in Sources */ = {isa = PBXBuildFile; fileRef = 6E2BBD0C2D8C654E0033A994 /* CountryAPIModel.swift */; };
		6E2BBD102D8D93810033A994 /* VisitsRepository.swift in Sources */ = {isa = PBXBuildFile; fileRef = 6E2BBD0F2D8D937D0033A994 /* VisitsRepository.swift */; };
		6E2BBD122D8D9B320033A994 /* VisitsViewModel.swift in Sources */ = {isa = PBXBuildFile; fileRef = 6E2BBD112D8D9B2D0033A994 /* VisitsViewModel.swift */; };
		6E2BBD142D8D9CA90033A994 /* VisitsFactory.swift in Sources */ = {isa = PBXBuildFile; fileRef = 6E2BBD132D8D9CA10033A994 /* VisitsFactory.swift */; };
		6E55D9B52D93EF180064205F /* CustomLoader.swift in Sources */ = {isa = PBXBuildFile; fileRef = 6E55D9B42D93EB060064205F /* CustomLoader.swift */; };
		6E55D9B72D93F41A0064205F /* UIImageView + downloadImage.swift in Sources */ = {isa = PBXBuildFile; fileRef = 6E55D9B62D93F4010064205F /* UIImageView + downloadImage.swift */; };
		6E55D9BA2D93F6320064205F /* Kingfisher in Frameworks */ = {isa = PBXBuildFile; productRef = 6E55D9B92D93F6320064205F /* Kingfisher */; };
		6E55D9BD2D93F83B0064205F /* KingfisherWebP in Frameworks */ = {isa = PBXBuildFile; productRef = 6E55D9BC2D93F83B0064205F /* KingfisherWebP */; };
		6E5BD8F62D89B16F00A0BA7E /* CountryTableViewCell.swift in Sources */ = {isa = PBXBuildFile; fileRef = 6E5BD8F52D89B16D00A0BA7E /* CountryTableViewCell.swift */; };
		6E5BD8F92D89B43B00A0BA7E /* CheckBox.swift in Sources */ = {isa = PBXBuildFile; fileRef = 6E5BD8F82D89B43B00A0BA7E /* CheckBox.swift */; };
		6E5BD8FC2D89B71B00A0BA7E /* UIButton + setImage.swift in Sources */ = {isa = PBXBuildFile; fileRef = 6E5BD8FB2D89B71B00A0BA7E /* UIButton + setImage.swift */; };
		6E5BD8FE2D89B76F00A0BA7E /* UIImage+resizeImage.swift in Sources */ = {isa = PBXBuildFile; fileRef = 6E5BD8FD2D89B76F00A0BA7E /* UIImage+resizeImage.swift */; };
		6E5BD9012D8B009500A0BA7E /* APIClient.swift in Sources */ = {isa = PBXBuildFile; fileRef = 6E5BD9002D8B009500A0BA7E /* APIClient.swift */; };
		6E5BD9042D8B032300A0BA7E /* APIResponse.swift in Sources */ = {isa = PBXBuildFile; fileRef = 6E5BD9032D8B032300A0BA7E /* APIResponse.swift */; };
		6E5BD9082D8B03B000A0BA7E /* ErrorResponseAPIModel.swift in Sources */ = {isa = PBXBuildFile; fileRef = 6E5BD9072D8B03AD00A0BA7E /* ErrorResponseAPIModel.swift */; };
		6E5BD90A2D8B06D200A0BA7E /* APIRequest.swift in Sources */ = {isa = PBXBuildFile; fileRef = 6E5BD9092D8B06D200A0BA7E /* APIRequest.swift */; };
		6E5BD90D2D8B070200A0BA7E /* SwiftyJSON in Frameworks */ = {isa = PBXBuildFile; productRef = 6E5BD90C2D8B070200A0BA7E /* SwiftyJSON */; };
		6E5BD90F2D8B0F2200A0BA7E /* LogService.swift in Sources */ = {isa = PBXBuildFile; fileRef = 6E5BD90E2D8B0F1700A0BA7E /* LogService.swift */; };
		6EADA40A2D7860AD00BE0D93 /* Geometria.ttf in Resources */ = {isa = PBXBuildFile; fileRef = 6EADA4072D7860AD00BE0D93 /* Geometria.ttf */; };
		6EADA40B2D7860AD00BE0D93 /* Geometria-Bold.ttf in Resources */ = {isa = PBXBuildFile; fileRef = 6EADA4082D7860AD00BE0D93 /* Geometria-Bold.ttf */; };
		6EADA40C2D7860AD00BE0D93 /* Geometria-Medium.ttf in Resources */ = {isa = PBXBuildFile; fileRef = 6EADA4092D7860AD00BE0D93 /* Geometria-Medium.ttf */; };
		6EADA40F2D7864A700BE0D93 /* VisitsCoordinator.swift in Sources */ = {isa = PBXBuildFile; fileRef = 6EADA40E2D7864A400BE0D93 /* VisitsCoordinator.swift */; };
		6EADA4122D7864D200BE0D93 /* ProfileCoordinator.swift in Sources */ = {isa = PBXBuildFile; fileRef = 6EADA4112D7864D200BE0D93 /* ProfileCoordinator.swift */; };
		6EADA4152D78660E00BE0D93 /* MapCoordinator.swift in Sources */ = {isa = PBXBuildFile; fileRef = 6EADA4142D78660E00BE0D93 /* MapCoordinator.swift */; };
		6EDDD3152D7756580063426B /* Assets.swift in Sources */ = {isa = PBXBuildFile; fileRef = 6EDDD3142D7756580063426B /* Assets.swift */; };
		6EDDD3172D77565E0063426B /* AppLocalizable.swift in Sources */ = {isa = PBXBuildFile; fileRef = 6EDDD3162D77565E0063426B /* AppLocalizable.swift */; };
		6EE9DEDE2D771A110015A19E /* VisitsViewController.swift in Sources */ = {isa = PBXBuildFile; fileRef = 6EE9DEDD2D771A110015A19E /* VisitsViewController.swift */; };
		6EE9DEE02D771A260015A19E /* ProfileViewController.swift in Sources */ = {isa = PBXBuildFile; fileRef = 6EE9DEDF2D771A260015A19E /* ProfileViewController.swift */; };
/* End PBXBuildFile section */

/* Begin PBXFileReference section */
		6E120FCC2D9553370018377E /* Country+CoreDataProperties.swift */ = {isa = PBXFileReference; lastKnownFileType = sourcecode.swift; path = "Country+CoreDataProperties.swift"; sourceTree = "<group>"; };
		6E120FCF2D9554B00018377E /* CoreDataManager.swift */ = {isa = PBXFileReference; lastKnownFileType = sourcecode.swift; path = CoreDataManager.swift; sourceTree = "<group>"; };
		6E185E482D75CC6600A77A0D /* MyPlaces.app */ = {isa = PBXFileReference; explicitFileType = wrapper.application; includeInIndex = 0; path = MyPlaces.app; sourceTree = BUILT_PRODUCTS_DIR; };
		6E185E4B2D75CC6600A77A0D /* AppDelegate.swift */ = {isa = PBXFileReference; lastKnownFileType = sourcecode.swift; path = AppDelegate.swift; sourceTree = "<group>"; };
		6E185E4D2D75CC6600A77A0D /* SceneDelegate.swift */ = {isa = PBXFileReference; lastKnownFileType = sourcecode.swift; path = SceneDelegate.swift; sourceTree = "<group>"; };
		6E185E4F2D75CC6600A77A0D /* MapViewController.swift */ = {isa = PBXFileReference; lastKnownFileType = sourcecode.swift; path = MapViewController.swift; sourceTree = "<group>"; };
		6E185E522D75CC6600A77A0D /* Base */ = {isa = PBXFileReference; lastKnownFileType = file.storyboard; name = Base; path = Base.lproj/Main.storyboard; sourceTree = "<group>"; };
		6E185E542D75CC6700A77A0D /* Assets.xcassets */ = {isa = PBXFileReference; lastKnownFileType = folder.assetcatalog; path = Assets.xcassets; sourceTree = "<group>"; };
		6E185E572D75CC6700A77A0D /* Base */ = {isa = PBXFileReference; lastKnownFileType = file.storyboard; name = Base; path = Base.lproj/LaunchScreen.storyboard; sourceTree = "<group>"; };
		6E185E592D75CC6700A77A0D /* Info.plist */ = {isa = PBXFileReference; lastKnownFileType = text.plist.xml; path = Info.plist; sourceTree = "<group>"; };
		6E185E612D75CE1500A77A0D /* AppCoordinator.swift */ = {isa = PBXFileReference; lastKnownFileType = sourcecode.swift; path = AppCoordinator.swift; sourceTree = "<group>"; };
		6E185E632D75CE5800A77A0D /* Coordinator.swift */ = {isa = PBXFileReference; lastKnownFileType = sourcecode.swift; path = Coordinator.swift; sourceTree = "<group>"; };
		6E185E672D75CECE00A77A0D /* NavigationController.swift */ = {isa = PBXFileReference; lastKnownFileType = sourcecode.swift; path = NavigationController.swift; sourceTree = "<group>"; };
		6E185E692D75CF3000A77A0D /* TabBarCoordinator.swift */ = {isa = PBXFileReference; lastKnownFileType = sourcecode.swift; path = TabBarCoordinator.swift; sourceTree = "<group>"; };
		6E185E6B2D75CFBC00A77A0D /* TabBarController.swift */ = {isa = PBXFileReference; lastKnownFileType = sourcecode.swift; path = TabBarController.swift; sourceTree = "<group>"; };
		6E185E6F2D75D05F00A77A0D /* CustomTabBar.swift */ = {isa = PBXFileReference; lastKnownFileType = sourcecode.swift; path = CustomTabBar.swift; sourceTree = "<group>"; };
		6E185E712D75E2A000A77A0D /* ChildCoordinated.swift */ = {isa = PBXFileReference; lastKnownFileType = sourcecode.swift; path = ChildCoordinated.swift; sourceTree = "<group>"; };
		6E185E732D75E32000A77A0D /* TabBarChildCoordinated.swift */ = {isa = PBXFileReference; lastKnownFileType = sourcecode.swift; path = TabBarChildCoordinated.swift; sourceTree = "<group>"; };
		6E185E752D75E37600A77A0D /* TabBarPage.swift */ = {isa = PBXFileReference; lastKnownFileType = sourcecode.swift; path = TabBarPage.swift; sourceTree = "<group>"; };
		6E185E7A2D75E76600A77A0D /* Label.swift */ = {isa = PBXFileReference; lastKnownFileType = sourcecode.swift; path = Label.swift; sourceTree = "<group>"; };
		6E185E7D2D75E7D000A77A0D /* Fonts.swift */ = {isa = PBXFileReference; lastKnownFileType = sourcecode.swift; path = Fonts.swift; sourceTree = "<group>"; };
		6E185E832D75EA3600A77A0D /* AppConstants.swift */ = {isa = PBXFileReference; lastKnownFileType = sourcecode.swift; path = AppConstants.swift; sourceTree = "<group>"; };
		6E185E852D75EB3C00A77A0D /* MapTabCoordinator.swift */ = {isa = PBXFileReference; lastKnownFileType = sourcecode.swift; path = MapTabCoordinator.swift; sourceTree = "<group>"; };
		6E185E902D764FF600A77A0D /* ru */ = {isa = PBXFileReference; lastKnownFileType = text.plist.strings; name = ru; path = Localizable.strings; sourceTree = "<group>"; };
		6E2BBD062D8C63D50033A994 /* VisitsService.swift */ = {isa = PBXFileReference; lastKnownFileType = sourcecode.swift; path = VisitsService.swift; sourceTree = "<group>"; };
		6E2BBD082D8C64EB0033A994 /* CountryModel.swift */ = {isa = PBXFileReference; lastKnownFileType = sourcecode.swift; path = CountryModel.swift; sourceTree = "<group>"; };
		6E2BBD0C2D8C654E0033A994 /* CountryAPIModel.swift */ = {isa = PBXFileReference; lastKnownFileType = sourcecode.swift; path = CountryAPIModel.swift; sourceTree = "<group>"; };
		6E2BBD0F2D8D937D0033A994 /* VisitsRepository.swift */ = {isa = PBXFileReference; lastKnownFileType = sourcecode.swift; path = VisitsRepository.swift; sourceTree = "<group>"; };
		6E2BBD112D8D9B2D0033A994 /* VisitsViewModel.swift */ = {isa = PBXFileReference; lastKnownFileType = sourcecode.swift; path = VisitsViewModel.swift; sourceTree = "<group>"; };
		6E2BBD132D8D9CA10033A994 /* VisitsFactory.swift */ = {isa = PBXFileReference; lastKnownFileType = sourcecode.swift; path = VisitsFactory.swift; sourceTree = "<group>"; };
		6E55D9B42D93EB060064205F /* CustomLoader.swift */ = {isa = PBXFileReference; lastKnownFileType = sourcecode.swift; path = CustomLoader.swift; sourceTree = "<group>"; };
		6E55D9B62D93F4010064205F /* UIImageView + downloadImage.swift */ = {isa = PBXFileReference; lastKnownFileType = sourcecode.swift; path = "UIImageView + downloadImage.swift"; sourceTree = "<group>"; };
		6E5BD8F52D89B16D00A0BA7E /* CountryTableViewCell.swift */ = {isa = PBXFileReference; lastKnownFileType = sourcecode.swift; path = CountryTableViewCell.swift; sourceTree = "<group>"; };
		6E5BD8F82D89B43B00A0BA7E /* CheckBox.swift */ = {isa = PBXFileReference; lastKnownFileType = sourcecode.swift; path = CheckBox.swift; sourceTree = "<group>"; };
		6E5BD8FB2D89B71B00A0BA7E /* UIButton + setImage.swift */ = {isa = PBXFileReference; lastKnownFileType = sourcecode.swift; path = "UIButton + setImage.swift"; sourceTree = "<group>"; };
		6E5BD8FD2D89B76F00A0BA7E /* UIImage+resizeImage.swift */ = {isa = PBXFileReference; lastKnownFileType = sourcecode.swift; path = "UIImage+resizeImage.swift"; sourceTree = "<group>"; };
		6E5BD9002D8B009500A0BA7E /* APIClient.swift */ = {isa = PBXFileReference; lastKnownFileType = sourcecode.swift; path = APIClient.swift; sourceTree = "<group>"; };
		6E5BD9032D8B032300A0BA7E /* APIResponse.swift */ = {isa = PBXFileReference; lastKnownFileType = sourcecode.swift; path = APIResponse.swift; sourceTree = "<group>"; };
		6E5BD9072D8B03AD00A0BA7E /* ErrorResponseAPIModel.swift */ = {isa = PBXFileReference; lastKnownFileType = sourcecode.swift; path = ErrorResponseAPIModel.swift; sourceTree = "<group>"; };
		6E5BD9092D8B06D200A0BA7E /* APIRequest.swift */ = {isa = PBXFileReference; lastKnownFileType = sourcecode.swift; path = APIRequest.swift; sourceTree = "<group>"; };
		6E5BD90E2D8B0F1700A0BA7E /* LogService.swift */ = {isa = PBXFileReference; lastKnownFileType = sourcecode.swift; path = LogService.swift; sourceTree = "<group>"; };
		6EADA4072D7860AD00BE0D93 /* Geometria.ttf */ = {isa = PBXFileReference; lastKnownFileType = file; path = Geometria.ttf; sourceTree = "<group>"; };
		6EADA4082D7860AD00BE0D93 /* Geometria-Bold.ttf */ = {isa = PBXFileReference; lastKnownFileType = file; path = "Geometria-Bold.ttf"; sourceTree = "<group>"; };
		6EADA4092D7860AD00BE0D93 /* Geometria-Medium.ttf */ = {isa = PBXFileReference; lastKnownFileType = file; path = "Geometria-Medium.ttf"; sourceTree = "<group>"; };
		6EADA40E2D7864A400BE0D93 /* VisitsCoordinator.swift */ = {isa = PBXFileReference; lastKnownFileType = sourcecode.swift; path = VisitsCoordinator.swift; sourceTree = "<group>"; };
		6EADA4112D7864D200BE0D93 /* ProfileCoordinator.swift */ = {isa = PBXFileReference; lastKnownFileType = sourcecode.swift; path = ProfileCoordinator.swift; sourceTree = "<group>"; };
		6EADA4142D78660E00BE0D93 /* MapCoordinator.swift */ = {isa = PBXFileReference; lastKnownFileType = sourcecode.swift; path = MapCoordinator.swift; sourceTree = "<group>"; };
		6EDDD3142D7756580063426B /* Assets.swift */ = {isa = PBXFileReference; lastKnownFileType = sourcecode.swift; path = Assets.swift; sourceTree = "<group>"; };
		6EDDD3162D77565E0063426B /* AppLocalizable.swift */ = {isa = PBXFileReference; lastKnownFileType = sourcecode.swift; path = AppLocalizable.swift; sourceTree = "<group>"; };
		6EE9DEDD2D771A110015A19E /* VisitsViewController.swift */ = {isa = PBXFileReference; lastKnownFileType = sourcecode.swift; path = VisitsViewController.swift; sourceTree = "<group>"; };
		6EE9DEDF2D771A260015A19E /* ProfileViewController.swift */ = {isa = PBXFileReference; lastKnownFileType = sourcecode.swift; path = ProfileViewController.swift; sourceTree = "<group>"; };
/* End PBXFileReference section */

/* Begin PBXFrameworksBuildPhase section */
		6E185E452D75CC6600A77A0D /* Frameworks */ = {
			isa = PBXFrameworksBuildPhase;
			buildActionMask = 2147483647;
			files = (
				6E55D9BA2D93F6320064205F /* Kingfisher in Frameworks */,
				6E5BD90D2D8B070200A0BA7E /* SwiftyJSON in Frameworks */,
				6E55D9BD2D93F83B0064205F /* KingfisherWebP in Frameworks */,
				6E185E792D75E6AA00A77A0D /* SnapKit in Frameworks */,
			);
			runOnlyForDeploymentPostprocessing = 0;
		};
/* End PBXFrameworksBuildPhase section */

/* Begin PBXGroup section */
		6E120FD12D9564060018377E /* CoreData */ = {
			isa = PBXGroup;
			children = (
				6E120FCC2D9553370018377E /* Country+CoreDataProperties.swift */,
				6E120FCF2D9554B00018377E /* CoreDataManager.swift */,
			);
			path = CoreData;
			sourceTree = "<group>";
		};
		6E185E3F2D75CC6600A77A0D = {
			isa = PBXGroup;
			children = (
				6E185E4A2D75CC6600A77A0D /* MyPlaces */,
				6E185E492D75CC6600A77A0D /* Products */,
			);
			sourceTree = "<group>";
		};
		6E185E492D75CC6600A77A0D /* Products */ = {
			isa = PBXGroup;
			children = (
				6E185E482D75CC6600A77A0D /* MyPlaces.app */,
			);
			name = Products;
			sourceTree = "<group>";
		};
		6E185E4A2D75CC6600A77A0D /* MyPlaces */ = {
			isa = PBXGroup;
			children = (
				6E2BBD0A2D8C65190033A994 /* Models */,
				6E185E5F2D75CC9500A77A0D /* Application */,
				6E185E822D75EA1800A77A0D /* Services */,
				6E185E6D2D75CFF500A77A0D /* DesignCore */,
				6E185E662D75CEB600A77A0D /* Navigations */,
				6E185E872D75EEE600A77A0D /* Screens */,
				6E5BD9022D8B009B00A0BA7E /* Network */,
				6E185E512D75CC6600A77A0D /* Main.storyboard */,
				6E185E542D75CC6700A77A0D /* Assets.xcassets */,
				6E185E562D75CC6700A77A0D /* LaunchScreen.storyboard */,
				6E185E592D75CC6700A77A0D /* Info.plist */,
				6EDDD3162D77565E0063426B /* AppLocalizable.swift */,
				6EDDD3142D7756580063426B /* Assets.swift */,
				6E185E8E2D764FE100A77A0D /* ru.lproj */,
			);
			path = MyPlaces;
			sourceTree = "<group>";
		};
		6E185E5F2D75CC9500A77A0D /* Application */ = {
			isa = PBXGroup;
			children = (
				6E185E4B2D75CC6600A77A0D /* AppDelegate.swift */,
				6E185E4D2D75CC6600A77A0D /* SceneDelegate.swift */,
				6E120FD12D9564060018377E /* CoreData */,
			);
			path = Application;
			sourceTree = "<group>";
		};
		6E185E602D75CD7E00A77A0D /* Coordinators */ = {
			isa = PBXGroup;
			children = (
				6E185E612D75CE1500A77A0D /* AppCoordinator.swift */,
				6E185E632D75CE5800A77A0D /* Coordinator.swift */,
				6E185E692D75CF3000A77A0D /* TabBarCoordinator.swift */,
				6E185E712D75E2A000A77A0D /* ChildCoordinated.swift */,
				6E185E732D75E32000A77A0D /* TabBarChildCoordinated.swift */,
				6E185E852D75EB3C00A77A0D /* MapTabCoordinator.swift */,
			);
			path = Coordinators;
			sourceTree = "<group>";
		};
		6E185E662D75CEB600A77A0D /* Navigations */ = {
			isa = PBXGroup;
			children = (
				6E185E602D75CD7E00A77A0D /* Coordinators */,
				6E185E672D75CECE00A77A0D /* NavigationController.swift */,
				6E185E6B2D75CFBC00A77A0D /* TabBarController.swift */,
			);
			path = Navigations;
			sourceTree = "<group>";
		};
		6E185E6D2D75CFF500A77A0D /* DesignCore */ = {
			isa = PBXGroup;
			children = (
				6E5BD8FA2D89B6EF00A0BA7E /* Supporting */,
				6E185E6E2D75D03F00A77A0D /* UIComponents */,
				6E185E7C2D75E7BE00A77A0D /* Fonts */,
			);
			path = DesignCore;
			sourceTree = "<group>";
		};
		6E185E6E2D75D03F00A77A0D /* UIComponents */ = {
			isa = PBXGroup;
			children = (
				6E55D9B42D93EB060064205F /* CustomLoader.swift */,
				6E5BD8F72D89B42300A0BA7E /* Buttons */,
				6E185E6F2D75D05F00A77A0D /* CustomTabBar.swift */,
				6E185E752D75E37600A77A0D /* TabBarPage.swift */,
				6E185E7A2D75E76600A77A0D /* Label.swift */,
			);
			path = UIComponents;
			sourceTree = "<group>";
		};
		6E185E7C2D75E7BE00A77A0D /* Fonts */ = {
			isa = PBXGroup;
			children = (
				6E185E7D2D75E7D000A77A0D /* Fonts.swift */,
				6EADA4072D7860AD00BE0D93 /* Geometria.ttf */,
				6EADA4092D7860AD00BE0D93 /* Geometria-Medium.ttf */,
				6EADA4082D7860AD00BE0D93 /* Geometria-Bold.ttf */,
			);
			path = Fonts;
			sourceTree = "<group>";
		};
		6E185E822D75EA1800A77A0D /* Services */ = {
			isa = PBXGroup;
			children = (
				6E185E832D75EA3600A77A0D /* AppConstants.swift */,
			);
			path = Services;
			sourceTree = "<group>";
		};
		6E185E872D75EEE600A77A0D /* Screens */ = {
			isa = PBXGroup;
			children = (
				6E185E8A2D75EF1700A77A0D /* Visits */,
				6E185E892D75EF0A00A77A0D /* Profile */,
				6E185E882D75EEFD00A77A0D /* Map */,
			);
			path = Screens;
			sourceTree = "<group>";
		};
		6E185E882D75EEFD00A77A0D /* Map */ = {
			isa = PBXGroup;
			children = (
				6E185E4F2D75CC6600A77A0D /* MapViewController.swift */,
				6EADA4132D78654800BE0D93 /* Coordinator */,
			);
			path = Map;
			sourceTree = "<group>";
		};
		6E185E892D75EF0A00A77A0D /* Profile */ = {
			isa = PBXGroup;
			children = (
				6EE9DEDF2D771A260015A19E /* ProfileViewController.swift */,
				6EADA4102D7864C800BE0D93 /* Coordinator */,
			);
			path = Profile;
			sourceTree = "<group>";
		};
		6E185E8A2D75EF1700A77A0D /* Visits */ = {
			isa = PBXGroup;
			children = (
				6E2BBD052D8C63C70033A994 /* Network */,
				6E5BD8F42D895C4A00A0BA7E /* Subviews */,
				6EE9DEDD2D771A110015A19E /* VisitsViewController.swift */,
				6E2BBD112D8D9B2D0033A994 /* VisitsViewModel.swift */,
				6E2BBD132D8D9CA10033A994 /* VisitsFactory.swift */,
				6EADA40D2D78649100BE0D93 /* Coordinator */,
			);
			path = Visits;
			sourceTree = "<group>";
		};
		6E185E8E2D764FE100A77A0D /* ru.lproj */ = {
			isa = PBXGroup;
			children = (
				6E185E8F2D764FF600A77A0D /* Localizable.strings */,
			);
			path = ru.lproj;
			sourceTree = "<group>";
		};
		6E2BBD052D8C63C70033A994 /* Network */ = {
			isa = PBXGroup;
			children = (
				6E2BBD0F2D8D937D0033A994 /* VisitsRepository.swift */,
				6E2BBD062D8C63D50033A994 /* VisitsService.swift */,
			);
			path = Network;
			sourceTree = "<group>";
		};
		6E2BBD0A2D8C65190033A994 /* Models */ = {
			isa = PBXGroup;
			children = (
				6E2BBD082D8C64EB0033A994 /* CountryModel.swift */,
			);
			path = Models;
			sourceTree = "<group>";
		};
		6E2BBD0B2D8C652A0033A994 /* APIModels */ = {
			isa = PBXGroup;
			children = (
				6E2BBD0C2D8C654E0033A994 /* CountryAPIModel.swift */,
			);
			path = APIModels;
			sourceTree = "<group>";
		};
		6E5BD8F42D895C4A00A0BA7E /* Subviews */ = {
			isa = PBXGroup;
			children = (
				6E5BD8F52D89B16D00A0BA7E /* CountryTableViewCell.swift */,
			);
			path = Subviews;
			sourceTree = "<group>";
		};
		6E5BD8F72D89B42300A0BA7E /* Buttons */ = {
			isa = PBXGroup;
			children = (
				6E5BD8F82D89B43B00A0BA7E /* CheckBox.swift */,
			);
			path = Buttons;
			sourceTree = "<group>";
		};
		6E5BD8FA2D89B6EF00A0BA7E /* Supporting */ = {
			isa = PBXGroup;
			children = (
				6E55D9B62D93F4010064205F /* UIImageView + downloadImage.swift */,
				6E5BD8FB2D89B71B00A0BA7E /* UIButton + setImage.swift */,
				6E5BD8FD2D89B76F00A0BA7E /* UIImage+resizeImage.swift */,
			);
			path = Supporting;
			sourceTree = "<group>";
		};
		6E5BD9022D8B009B00A0BA7E /* Network */ = {
			isa = PBXGroup;
			children = (
				6E2BBD0B2D8C652A0033A994 /* APIModels */,
				6E5BD9002D8B009500A0BA7E /* APIClient.swift */,
				6E5BD9092D8B06D200A0BA7E /* APIRequest.swift */,
				6E5BD9062D8B039A00A0BA7E /* Models */,
				6E5BD9052D8B038E00A0BA7E /* Services */,
			);
			path = Network;
			sourceTree = "<group>";
		};
		6E5BD9052D8B038E00A0BA7E /* Services */ = {
			isa = PBXGroup;
			children = (
				6E5BD90E2D8B0F1700A0BA7E /* LogService.swift */,
				6E5BD9032D8B032300A0BA7E /* APIResponse.swift */,
			);
			path = Services;
			sourceTree = "<group>";
		};
		6E5BD9062D8B039A00A0BA7E /* Models */ = {
			isa = PBXGroup;
			children = (
				6E5BD9072D8B03AD00A0BA7E /* ErrorResponseAPIModel.swift */,
			);
			path = Models;
			sourceTree = "<group>";
		};
		6EADA40D2D78649100BE0D93 /* Coordinator */ = {
			isa = PBXGroup;
			children = (
				6EADA40E2D7864A400BE0D93 /* VisitsCoordinator.swift */,
			);
			path = Coordinator;
			sourceTree = "<group>";
		};
		6EADA4102D7864C800BE0D93 /* Coordinator */ = {
			isa = PBXGroup;
			children = (
				6EADA4112D7864D200BE0D93 /* ProfileCoordinator.swift */,
			);
			path = Coordinator;
			sourceTree = "<group>";
		};
		6EADA4132D78654800BE0D93 /* Coordinator */ = {
			isa = PBXGroup;
			children = (
				6EADA4142D78660E00BE0D93 /* MapCoordinator.swift */,
			);
			path = Coordinator;
			sourceTree = "<group>";
		};
/* End PBXGroup section */

/* Begin PBXNativeTarget section */
		6E185E472D75CC6600A77A0D /* MyPlaces */ = {
			isa = PBXNativeTarget;
			buildConfigurationList = 6E185E5C2D75CC6700A77A0D /* Build configuration list for PBXNativeTarget "MyPlaces" */;
			buildPhases = (
				6E185E442D75CC6600A77A0D /* Sources */,
				6E185E452D75CC6600A77A0D /* Frameworks */,
				6E185E462D75CC6600A77A0D /* Resources */,
				6EDC463E2D7736B600B7B1BA /* ShellScript */,
			);
			buildRules = (
			);
			dependencies = (
			);
			name = MyPlaces;
			packageProductDependencies = (
				6E185E782D75E6AA00A77A0D /* SnapKit */,
				6E5BD90C2D8B070200A0BA7E /* SwiftyJSON */,
				6E55D9B92D93F6320064205F /* Kingfisher */,
				6E55D9BC2D93F83B0064205F /* KingfisherWebP */,
			);
			productName = MyPlaces;
			productReference = 6E185E482D75CC6600A77A0D /* MyPlaces.app */;
			productType = "com.apple.product-type.application";
		};
/* End PBXNativeTarget section */

/* Begin PBXProject section */
		6E185E402D75CC6600A77A0D /* Project object */ = {
			isa = PBXProject;
			attributes = {
				BuildIndependentTargetsInParallel = 1;
				LastSwiftUpdateCheck = 1540;
				LastUpgradeCheck = 1620;
				TargetAttributes = {
					6E185E472D75CC6600A77A0D = {
						CreatedOnToolsVersion = 15.4;
					};
				};
			};
			buildConfigurationList = 6E185E432D75CC6600A77A0D /* Build configuration list for PBXProject "MyPlaces" */;
			compatibilityVersion = "Xcode 14.0";
			developmentRegion = en;
			hasScannedForEncodings = 0;
			knownRegions = (
				en,
				Base,
				ru,
			);
			mainGroup = 6E185E3F2D75CC6600A77A0D;
			packageReferences = (
				6E185E772D75E6AA00A77A0D /* XCRemoteSwiftPackageReference "SnapKit" */,
				6E5BD90B2D8B070200A0BA7E /* XCRemoteSwiftPackageReference "SwiftyJSON" */,
				6E55D9B82D93F6320064205F /* XCRemoteSwiftPackageReference "Kingfisher" */,
				6E55D9BB2D93F83B0064205F /* XCRemoteSwiftPackageReference "KingfisherWebP" */,
			);
			productRefGroup = 6E185E492D75CC6600A77A0D /* Products */;
			projectDirPath = "";
			projectRoot = "";
			targets = (
				6E185E472D75CC6600A77A0D /* MyPlaces */,
			);
		};
/* End PBXProject section */

/* Begin PBXResourcesBuildPhase section */
		6E185E462D75CC6600A77A0D /* Resources */ = {
			isa = PBXResourcesBuildPhase;
			buildActionMask = 2147483647;
			files = (
				6EADA40A2D7860AD00BE0D93 /* Geometria.ttf in Resources */,
				6EADA40B2D7860AD00BE0D93 /* Geometria-Bold.ttf in Resources */,
				6EADA40C2D7860AD00BE0D93 /* Geometria-Medium.ttf in Resources */,
				6E185E552D75CC6700A77A0D /* Assets.xcassets in Resources */,
				6E185E912D764FF600A77A0D /* Localizable.strings in Resources */,
				6E185E582D75CC6700A77A0D /* Base in Resources */,
				6E185E532D75CC6600A77A0D /* Base in Resources */,
			);
			runOnlyForDeploymentPostprocessing = 0;
		};
/* End PBXResourcesBuildPhase section */

/* Begin PBXShellScriptBuildPhase section */
		6EDC463E2D7736B600B7B1BA /* ShellScript */ = {
			isa = PBXShellScriptBuildPhase;
			buildActionMask = 12;
			files = (
			);
			inputFileListPaths = (
			);
			inputPaths = (
			);
			outputFileListPaths = (
			);
			outputPaths = (
			);
			runOnlyForDeploymentPostprocessing = 0;
			shellPath = /bin/sh;
			shellScript = "\"${PROJECT_DIR}/swiftgen-script.sh\"\n";
		};
/* End PBXShellScriptBuildPhase section */

/* Begin PBXSourcesBuildPhase section */
		6E185E442D75CC6600A77A0D /* Sources */ = {
			isa = PBXSourcesBuildPhase;
			buildActionMask = 2147483647;
			files = (
				6E185E7E2D75E7D000A77A0D /* Fonts.swift in Sources */,
				6E185E762D75E37600A77A0D /* TabBarPage.swift in Sources */,
				6EDDD3152D7756580063426B /* Assets.swift in Sources */,
				6E120FD02D9554B00018377E /* CoreDataManager.swift in Sources */,
				6EE9DEE02D771A260015A19E /* ProfileViewController.swift in Sources */,
				6E5BD9042D8B032300A0BA7E /* APIResponse.swift in Sources */,
				6E2BBD122D8D9B320033A994 /* VisitsViewModel.swift in Sources */,
				6E2BBD0D2D8C65580033A994 /* CountryAPIModel.swift in Sources */,
				6E5BD8F92D89B43B00A0BA7E /* CheckBox.swift in Sources */,
				6E55D9B52D93EF180064205F /* CustomLoader.swift in Sources */,
				6E2BBD092D8C64F30033A994 /* CountryModel.swift in Sources */,
				6E5BD8FE2D89B76F00A0BA7E /* UIImage+resizeImage.swift in Sources */,
				6E185E622D75CE1500A77A0D /* AppCoordinator.swift in Sources */,
				6E185E6C2D75CFBC00A77A0D /* TabBarController.swift in Sources */,
				6EDDD3172D77565E0063426B /* AppLocalizable.swift in Sources */,
				6E5BD9082D8B03B000A0BA7E /* ErrorResponseAPIModel.swift in Sources */,
				6E185E842D75EA3600A77A0D /* AppConstants.swift in Sources */,
				6E120FCE2D9553370018377E /* Country+CoreDataProperties.swift in Sources */,
				6EADA4122D7864D200BE0D93 /* ProfileCoordinator.swift in Sources */,
				6E185E682D75CECE00A77A0D /* NavigationController.swift in Sources */,
				6E55D9B72D93F41A0064205F /* UIImageView + downloadImage.swift in Sources */,
				6EADA40F2D7864A700BE0D93 /* VisitsCoordinator.swift in Sources */,
				6E185E722D75E2A000A77A0D /* ChildCoordinated.swift in Sources */,
				6E185E7B2D75E76600A77A0D /* Label.swift in Sources */,
				6E5BD9012D8B009500A0BA7E /* APIClient.swift in Sources */,
				6EADA4152D78660E00BE0D93 /* MapCoordinator.swift in Sources */,
				6E185E502D75CC6600A77A0D /* MapViewController.swift in Sources */,
				6E185E702D75D05F00A77A0D /* CustomTabBar.swift in Sources */,
				6E2BBD102D8D93810033A994 /* VisitsRepository.swift in Sources */,
				6E185E6A2D75CF3000A77A0D /* TabBarCoordinator.swift in Sources */,
				6E185E642D75CE5800A77A0D /* Coordinator.swift in Sources */,
				6E2BBD072D8C63E10033A994 /* VisitsService.swift in Sources */,
				6E5BD8F62D89B16F00A0BA7E /* CountryTableViewCell.swift in Sources */,
				6E5BD8FC2D89B71B00A0BA7E /* UIButton + setImage.swift in Sources */,
				6E185E742D75E32000A77A0D /* TabBarChildCoordinated.swift in Sources */,
				6E5BD90A2D8B06D200A0BA7E /* APIRequest.swift in Sources */,
				6E185E4C2D75CC6600A77A0D /* AppDelegate.swift in Sources */,
				6E185E862D75EB3C00A77A0D /* MapTabCoordinator.swift in Sources */,
				6E185E4E2D75CC6600A77A0D /* SceneDelegate.swift in Sources */,
				6E5BD90F2D8B0F2200A0BA7E /* LogService.swift in Sources */,
				6E2BBD142D8D9CA90033A994 /* VisitsFactory.swift in Sources */,
				6EE9DEDE2D771A110015A19E /* VisitsViewController.swift in Sources */,
			);
			runOnlyForDeploymentPostprocessing = 0;
		};
/* End PBXSourcesBuildPhase section */

/* Begin PBXVariantGroup section */
		6E185E512D75CC6600A77A0D /* Main.storyboard */ = {
			isa = PBXVariantGroup;
			children = (
				6E185E522D75CC6600A77A0D /* Base */,
			);
			name = Main.storyboard;
			sourceTree = "<group>";
		};
		6E185E562D75CC6700A77A0D /* LaunchScreen.storyboard */ = {
			isa = PBXVariantGroup;
			children = (
				6E185E572D75CC6700A77A0D /* Base */,
			);
			name = LaunchScreen.storyboard;
			sourceTree = "<group>";
		};
		6E185E8F2D764FF600A77A0D /* Localizable.strings */ = {
			isa = PBXVariantGroup;
			children = (
				6E185E902D764FF600A77A0D /* ru */,
			);
			name = Localizable.strings;
			sourceTree = "<group>";
		};
/* End PBXVariantGroup section */

/* Begin XCBuildConfiguration section */
		6E185E5A2D75CC6700A77A0D /* Debug */ = {
			isa = XCBuildConfiguration;
			buildSettings = {
				ALWAYS_SEARCH_USER_PATHS = NO;
				ASSETCATALOG_COMPILER_GENERATE_SWIFT_ASSET_SYMBOL_EXTENSIONS = YES;
				CLANG_ANALYZER_LOCALIZABILITY_NONLOCALIZED = YES;
				CLANG_ANALYZER_NONNULL = YES;
				CLANG_ANALYZER_NUMBER_OBJECT_CONVERSION = YES_AGGRESSIVE;
				CLANG_CXX_LANGUAGE_STANDARD = "gnu++20";
				CLANG_ENABLE_MODULES = YES;
				CLANG_ENABLE_OBJC_ARC = YES;
				CLANG_ENABLE_OBJC_WEAK = YES;
				CLANG_WARN_BLOCK_CAPTURE_AUTORELEASING = YES;
				CLANG_WARN_BOOL_CONVERSION = YES;
				CLANG_WARN_COMMA = YES;
				CLANG_WARN_CONSTANT_CONVERSION = YES;
				CLANG_WARN_DEPRECATED_OBJC_IMPLEMENTATIONS = YES;
				CLANG_WARN_DIRECT_OBJC_ISA_USAGE = YES_ERROR;
				CLANG_WARN_DOCUMENTATION_COMMENTS = YES;
				CLANG_WARN_EMPTY_BODY = YES;
				CLANG_WARN_ENUM_CONVERSION = YES;
				CLANG_WARN_INFINITE_RECURSION = YES;
				CLANG_WARN_INT_CONVERSION = YES;
				CLANG_WARN_NON_LITERAL_NULL_CONVERSION = YES;
				CLANG_WARN_OBJC_IMPLICIT_RETAIN_SELF = YES;
				CLANG_WARN_OBJC_LITERAL_CONVERSION = YES;
				CLANG_WARN_OBJC_ROOT_CLASS = YES_ERROR;
				CLANG_WARN_QUOTED_INCLUDE_IN_FRAMEWORK_HEADER = YES;
				CLANG_WARN_RANGE_LOOP_ANALYSIS = YES;
				CLANG_WARN_STRICT_PROTOTYPES = YES;
				CLANG_WARN_SUSPICIOUS_MOVE = YES;
				CLANG_WARN_UNGUARDED_AVAILABILITY = YES_AGGRESSIVE;
				CLANG_WARN_UNREACHABLE_CODE = YES;
				CLANG_WARN__DUPLICATE_METHOD_MATCH = YES;
				COPY_PHASE_STRIP = NO;
				DEBUG_INFORMATION_FORMAT = dwarf;
				ENABLE_STRICT_OBJC_MSGSEND = YES;
				ENABLE_TESTABILITY = YES;
				ENABLE_USER_SCRIPT_SANDBOXING = YES;
				GCC_C_LANGUAGE_STANDARD = gnu17;
				GCC_DYNAMIC_NO_PIC = NO;
				GCC_NO_COMMON_BLOCKS = YES;
				GCC_OPTIMIZATION_LEVEL = 0;
				GCC_PREPROCESSOR_DEFINITIONS = (
					"DEBUG=1",
					"$(inherited)",
				);
				GCC_WARN_64_TO_32_BIT_CONVERSION = YES;
				GCC_WARN_ABOUT_RETURN_TYPE = YES_ERROR;
				GCC_WARN_UNDECLARED_SELECTOR = YES;
				GCC_WARN_UNINITIALIZED_AUTOS = YES_AGGRESSIVE;
				GCC_WARN_UNUSED_FUNCTION = YES;
				GCC_WARN_UNUSED_VARIABLE = YES;
				IPHONEOS_DEPLOYMENT_TARGET = 17.5;
				LOCALIZATION_PREFERS_STRING_CATALOGS = YES;
				MTL_ENABLE_DEBUG_INFO = INCLUDE_SOURCE;
				MTL_FAST_MATH = YES;
				ONLY_ACTIVE_ARCH = YES;
				SDKROOT = iphoneos;
				SWIFT_ACTIVE_COMPILATION_CONDITIONS = "DEBUG $(inherited)";
				SWIFT_OPTIMIZATION_LEVEL = "-Onone";
			};
			name = Debug;
		};
		6E185E5B2D75CC6700A77A0D /* Release */ = {
			isa = XCBuildConfiguration;
			buildSettings = {
				ALWAYS_SEARCH_USER_PATHS = NO;
				ASSETCATALOG_COMPILER_GENERATE_SWIFT_ASSET_SYMBOL_EXTENSIONS = YES;
				CLANG_ANALYZER_LOCALIZABILITY_NONLOCALIZED = YES;
				CLANG_ANALYZER_NONNULL = YES;
				CLANG_ANALYZER_NUMBER_OBJECT_CONVERSION = YES_AGGRESSIVE;
				CLANG_CXX_LANGUAGE_STANDARD = "gnu++20";
				CLANG_ENABLE_MODULES = YES;
				CLANG_ENABLE_OBJC_ARC = YES;
				CLANG_ENABLE_OBJC_WEAK = YES;
				CLANG_WARN_BLOCK_CAPTURE_AUTORELEASING = YES;
				CLANG_WARN_BOOL_CONVERSION = YES;
				CLANG_WARN_COMMA = YES;
				CLANG_WARN_CONSTANT_CONVERSION = YES;
				CLANG_WARN_DEPRECATED_OBJC_IMPLEMENTATIONS = YES;
				CLANG_WARN_DIRECT_OBJC_ISA_USAGE = YES_ERROR;
				CLANG_WARN_DOCUMENTATION_COMMENTS = YES;
				CLANG_WARN_EMPTY_BODY = YES;
				CLANG_WARN_ENUM_CONVERSION = YES;
				CLANG_WARN_INFINITE_RECURSION = YES;
				CLANG_WARN_INT_CONVERSION = YES;
				CLANG_WARN_NON_LITERAL_NULL_CONVERSION = YES;
				CLANG_WARN_OBJC_IMPLICIT_RETAIN_SELF = YES;
				CLANG_WARN_OBJC_LITERAL_CONVERSION = YES;
				CLANG_WARN_OBJC_ROOT_CLASS = YES_ERROR;
				CLANG_WARN_QUOTED_INCLUDE_IN_FRAMEWORK_HEADER = YES;
				CLANG_WARN_RANGE_LOOP_ANALYSIS = YES;
				CLANG_WARN_STRICT_PROTOTYPES = YES;
				CLANG_WARN_SUSPICIOUS_MOVE = YES;
				CLANG_WARN_UNGUARDED_AVAILABILITY = YES_AGGRESSIVE;
				CLANG_WARN_UNREACHABLE_CODE = YES;
				CLANG_WARN__DUPLICATE_METHOD_MATCH = YES;
				COPY_PHASE_STRIP = NO;
				DEBUG_INFORMATION_FORMAT = "dwarf-with-dsym";
				ENABLE_NS_ASSERTIONS = NO;
				ENABLE_STRICT_OBJC_MSGSEND = YES;
				ENABLE_USER_SCRIPT_SANDBOXING = YES;
				GCC_C_LANGUAGE_STANDARD = gnu17;
				GCC_NO_COMMON_BLOCKS = YES;
				GCC_WARN_64_TO_32_BIT_CONVERSION = YES;
				GCC_WARN_ABOUT_RETURN_TYPE = YES_ERROR;
				GCC_WARN_UNDECLARED_SELECTOR = YES;
				GCC_WARN_UNINITIALIZED_AUTOS = YES_AGGRESSIVE;
				GCC_WARN_UNUSED_FUNCTION = YES;
				GCC_WARN_UNUSED_VARIABLE = YES;
				IPHONEOS_DEPLOYMENT_TARGET = 17.5;
				LOCALIZATION_PREFERS_STRING_CATALOGS = YES;
				MTL_ENABLE_DEBUG_INFO = NO;
				MTL_FAST_MATH = YES;
				SDKROOT = iphoneos;
				SWIFT_COMPILATION_MODE = wholemodule;
				VALIDATE_PRODUCT = YES;
			};
			name = Release;
		};
		6E185E5D2D75CC6700A77A0D /* Debug */ = {
			isa = XCBuildConfiguration;
			buildSettings = {
				ASSETCATALOG_COMPILER_APPICON_NAME = AppIcon;
				ASSETCATALOG_COMPILER_GLOBAL_ACCENT_COLOR_NAME = AccentColor;
				CODE_SIGN_STYLE = Automatic;
				CURRENT_PROJECT_VERSION = 1;
				DEVELOPMENT_TEAM = NHUDCP2K7S;
				ENABLE_USER_SCRIPT_SANDBOXING = NO;
				GENERATE_INFOPLIST_FILE = YES;
				INFOPLIST_FILE = MyPlaces/Info.plist;
				INFOPLIST_KEY_UIApplicationSupportsIndirectInputEvents = YES;
				INFOPLIST_KEY_UILaunchStoryboardName = LaunchScreen;
				INFOPLIST_KEY_UIMainStoryboardFile = Main;
				INFOPLIST_KEY_UISupportedInterfaceOrientations_iPad = "UIInterfaceOrientationPortrait UIInterfaceOrientationPortraitUpsideDown UIInterfaceOrientationLandscapeLeft UIInterfaceOrientationLandscapeRight";
				INFOPLIST_KEY_UISupportedInterfaceOrientations_iPhone = "UIInterfaceOrientationPortrait UIInterfaceOrientationLandscapeLeft UIInterfaceOrientationLandscapeRight";
				LD_RUNPATH_SEARCH_PATHS = (
					"$(inherited)",
					"@executable_path/Frameworks",
				);
				MARKETING_VERSION = 1.0;
				PRODUCT_BUNDLE_IDENTIFIER = ValentinaLuchinovich.MyPlaces;
				PRODUCT_NAME = "$(TARGET_NAME)";
				SWIFT_EMIT_LOC_STRINGS = YES;
				SWIFT_VERSION = 5.0;
				TARGETED_DEVICE_FAMILY = "1,2";
			};
			name = Debug;
		};
		6E185E5E2D75CC6700A77A0D /* Release */ = {
			isa = XCBuildConfiguration;
			buildSettings = {
				ASSETCATALOG_COMPILER_APPICON_NAME = AppIcon;
				ASSETCATALOG_COMPILER_GLOBAL_ACCENT_COLOR_NAME = AccentColor;
				CODE_SIGN_STYLE = Automatic;
				CURRENT_PROJECT_VERSION = 1;
				DEVELOPMENT_TEAM = NHUDCP2K7S;
				ENABLE_USER_SCRIPT_SANDBOXING = NO;
				GENERATE_INFOPLIST_FILE = YES;
				INFOPLIST_FILE = MyPlaces/Info.plist;
				INFOPLIST_KEY_UIApplicationSupportsIndirectInputEvents = YES;
				INFOPLIST_KEY_UILaunchStoryboardName = LaunchScreen;
				INFOPLIST_KEY_UIMainStoryboardFile = Main;
				INFOPLIST_KEY_UISupportedInterfaceOrientations_iPad = "UIInterfaceOrientationPortrait UIInterfaceOrientationPortraitUpsideDown UIInterfaceOrientationLandscapeLeft UIInterfaceOrientationLandscapeRight";
				INFOPLIST_KEY_UISupportedInterfaceOrientations_iPhone = "UIInterfaceOrientationPortrait UIInterfaceOrientationLandscapeLeft UIInterfaceOrientationLandscapeRight";
				LD_RUNPATH_SEARCH_PATHS = (
					"$(inherited)",
					"@executable_path/Frameworks",
				);
				MARKETING_VERSION = 1.0;
				PRODUCT_BUNDLE_IDENTIFIER = ValentinaLuchinovich.MyPlaces;
				PRODUCT_NAME = "$(TARGET_NAME)";
				SWIFT_EMIT_LOC_STRINGS = YES;
				SWIFT_VERSION = 5.0;
				TARGETED_DEVICE_FAMILY = "1,2";
			};
			name = Release;
		};
/* End XCBuildConfiguration section */

/* Begin XCConfigurationList section */
		6E185E432D75CC6600A77A0D /* Build configuration list for PBXProject "MyPlaces" */ = {
			isa = XCConfigurationList;
			buildConfigurations = (
				6E185E5A2D75CC6700A77A0D /* Debug */,
				6E185E5B2D75CC6700A77A0D /* Release */,
			);
			defaultConfigurationIsVisible = 0;
			defaultConfigurationName = Release;
		};
		6E185E5C2D75CC6700A77A0D /* Build configuration list for PBXNativeTarget "MyPlaces" */ = {
			isa = XCConfigurationList;
			buildConfigurations = (
				6E185E5D2D75CC6700A77A0D /* Debug */,
				6E185E5E2D75CC6700A77A0D /* Release */,
			);
			defaultConfigurationIsVisible = 0;
			defaultConfigurationName = Release;
		};
/* End XCConfigurationList section */

/* Begin XCRemoteSwiftPackageReference section */
		6E185E772D75E6AA00A77A0D /* XCRemoteSwiftPackageReference "SnapKit" */ = {
			isa = XCRemoteSwiftPackageReference;
			repositoryURL = "https://github.com/SnapKit/SnapKit";
			requirement = {
				kind = upToNextMajorVersion;
				minimumVersion = 5.7.1;
			};
		};
		6E55D9B82D93F6320064205F /* XCRemoteSwiftPackageReference "Kingfisher" */ = {
			isa = XCRemoteSwiftPackageReference;
			repositoryURL = "https://github.com/onevcat/Kingfisher.git";
			requirement = {
				kind = upToNextMajorVersion;
				minimumVersion = 8.3.1;
			};
		};
		6E55D9BB2D93F83B0064205F /* XCRemoteSwiftPackageReference "KingfisherWebP" */ = {
			isa = XCRemoteSwiftPackageReference;
			repositoryURL = "https://github.com/yeatse/KingfisherWebP";
			requirement = {
				kind = upToNextMajorVersion;
				minimumVersion = 1.7.0;
			};
		};
		6E5BD90B2D8B070200A0BA7E /* XCRemoteSwiftPackageReference "SwiftyJSON" */ = {
			isa = XCRemoteSwiftPackageReference;
			repositoryURL = "https://github.com/SwiftyJSON/SwiftyJSON.git";
			requirement = {
				kind = upToNextMajorVersion;
				minimumVersion = 5.0.2;
			};
		};
/* End XCRemoteSwiftPackageReference section */

/* Begin XCSwiftPackageProductDependency section */
		6E185E782D75E6AA00A77A0D /* SnapKit */ = {
			isa = XCSwiftPackageProductDependency;
			package = 6E185E772D75E6AA00A77A0D /* XCRemoteSwiftPackageReference "SnapKit" */;
			productName = SnapKit;
		};
		6E55D9B92D93F6320064205F /* Kingfisher */ = {
			isa = XCSwiftPackageProductDependency;
			package = 6E55D9B82D93F6320064205F /* XCRemoteSwiftPackageReference "Kingfisher" */;
			productName = Kingfisher;
		};
		6E55D9BC2D93F83B0064205F /* KingfisherWebP */ = {
			isa = XCSwiftPackageProductDependency;
			package = 6E55D9BB2D93F83B0064205F /* XCRemoteSwiftPackageReference "KingfisherWebP" */;
			productName = KingfisherWebP;
		};
		6E5BD90C2D8B070200A0BA7E /* SwiftyJSON */ = {
			isa = XCSwiftPackageProductDependency;
			package = 6E5BD90B2D8B070200A0BA7E /* XCRemoteSwiftPackageReference "SwiftyJSON" */;
			productName = SwiftyJSON;
		};
/* End XCSwiftPackageProductDependency section */
	};
	rootObject = 6E185E402D75CC6600A77A0D /* Project object */;
}
